// !$*UTF8*$!
{
	archiveVersion = 1;
	classes = {
	};
	objectVersion = 54;
	objects = {

/* Begin PBXBuildFile section */
		00E356F31AD99517003FC87E /* SocialMediaAppTests.m in Sources */ = {isa = PBXBuildFile; fileRef = 00E356F21AD99517003FC87E /* SocialMediaAppTests.m */; };
		0C80B921A6F3F58F76C31292 /* libPods-SocialMediaApp.a in Frameworks */ = {isa = PBXBuildFile; fileRef = 5DCACB8F33CDC322A6C60F78 /* libPods-SocialMediaApp.a */; };
		13B07FBC1A68108700A75B9A /* AppDelegate.mm in Sources */ = {isa = PBXBuildFile; fileRef = 13B07FB01A68108700A75B9A /* AppDelegate.mm */; };
		13B07FBF1A68108700A75B9A /* Images.xcassets in Resources */ = {isa = PBXBuildFile; fileRef = 13B07FB51A68108700A75B9A /* Images.xcassets */; };
		13B07FC11A68108700A75B9A /* main.m in Sources */ = {isa = PBXBuildFile; fileRef = 13B07FB71A68108700A75B9A /* main.m */; };
		7699B88040F8A987B510C191 /* libPods-SocialMediaApp-SocialMediaAppTests.a in Frameworks */ = {isa = PBXBuildFile; fileRef = 19F6CBCC0A4E27FBF8BF4A61 /* libPods-SocialMediaApp-SocialMediaAppTests.a */; };
		81AB9BB82411601600AC10FF /* LaunchScreen.storyboard in Resources */ = {isa = PBXBuildFile; fileRef = 81AB9BB72411601600AC10FF /* LaunchScreen.storyboard */; };
		C3B8FE1D7A2A45CFA8E5DE73 /* Inter_18pt-Black.ttf in Resources */ = {isa = PBXBuildFile; fileRef = ABF20ECB01404ACFB71AB772 /* Inter_18pt-Black.ttf */; };
		DA5DBEF4B03546EA880A9F0E /* Inter_18pt-BlackItalic.ttf in Resources */ = {isa = PBXBuildFile; fileRef = 7A4C968DA48C49BAAB8651C4 /* Inter_18pt-BlackItalic.ttf */; };
		3A87495A2B734F679BA54AE2 /* Inter_18pt-Bold.ttf in Resources */ = {isa = PBXBuildFile; fileRef = B719B68E35E24C3ABB47942C /* Inter_18pt-Bold.ttf */; };
		63ED9694A4174C9B9FC98671 /* Inter_18pt-BoldItalic.ttf in Resources */ = {isa = PBXBuildFile; fileRef = C9ABE0C5FA054A3AABED5E61 /* Inter_18pt-BoldItalic.ttf */; };
		C7EEC77770364D9FB7841A43 /* Inter_18pt-ExtraBold.ttf in Resources */ = {isa = PBXBuildFile; fileRef = 4F4A422CFFE946FBB2029E0E /* Inter_18pt-ExtraBold.ttf */; };
		DDDECB825A964CF0990BDF2A /* Inter_18pt-ExtraBoldItalic.ttf in Resources */ = {isa = PBXBuildFile; fileRef = 1E63478397AD4CF6BF91A8E5 /* Inter_18pt-ExtraBoldItalic.ttf */; };
		B9ABE7E351B6448B9E9F3636 /* Inter_18pt-ExtraLight.ttf in Resources */ = {isa = PBXBuildFile; fileRef = E00260EE14314CDFA4F8AAE8 /* Inter_18pt-ExtraLight.ttf */; };
		3A05782B373F4189ADEAE045 /* Inter_18pt-ExtraLightItalic.ttf in Resources */ = {isa = PBXBuildFile; fileRef = 2B8B1C85E131449A9E855B51 /* Inter_18pt-ExtraLightItalic.ttf */; };
		4D1ED97A0A604E43B4BC56B6 /* Inter_18pt-Italic.ttf in Resources */ = {isa = PBXBuildFile; fileRef = DEAB7AA9DE3C4A919D54E90F /* Inter_18pt-Italic.ttf */; };
		CF19A048384C4743BBF67812 /* Inter_18pt-Light.ttf in Resources */ = {isa = PBXBuildFile; fileRef = EE8279C2DA364E24845D4429 /* Inter_18pt-Light.ttf */; };
		0CFD6BDD2CF64AA4B0FAC472 /* Inter_18pt-LightItalic.ttf in Resources */ = {isa = PBXBuildFile; fileRef = 83620FCE740843C48E7E6B0D /* Inter_18pt-LightItalic.ttf */; };
		76A2C6D46B0645BB97BFD0A1 /* Inter_18pt-Medium.ttf in Resources */ = {isa = PBXBuildFile; fileRef = 592F1165FE3944A58AD32F6E /* Inter_18pt-Medium.ttf */; };
		75C91FBCE09F46F1B313A1C3 /* Inter_18pt-MediumItalic.ttf in Resources */ = {isa = PBXBuildFile; fileRef = FB9AF92FD11547E0ADBB45E6 /* Inter_18pt-MediumItalic.ttf */; };
		47D917E289BC4EB0B3D891B3 /* Inter_18pt-Regular.ttf in Resources */ = {isa = PBXBuildFile; fileRef = C76B1848F773485F965236A9 /* Inter_18pt-Regular.ttf */; };
		6F7688B8AD2A4BB4BC52197B /* Inter_18pt-SemiBold.ttf in Resources */ = {isa = PBXBuildFile; fileRef = 00C614B8E8964F22A88F54FE /* Inter_18pt-SemiBold.ttf */; };
		D5F1400AA1CA4A46B6E013B2 /* Inter_18pt-SemiBoldItalic.ttf in Resources */ = {isa = PBXBuildFile; fileRef = 884A882FFCFC4248A7720E76 /* Inter_18pt-SemiBoldItalic.ttf */; };
		3A7040DE42BE486892F1C256 /* Inter_18pt-Thin.ttf in Resources */ = {isa = PBXBuildFile; fileRef = 1459DAB290354BBF89B9F417 /* Inter_18pt-Thin.ttf */; };
		58BE4B12F46B45299D616CBA /* Inter_18pt-ThinItalic.ttf in Resources */ = {isa = PBXBuildFile; fileRef = 23A9B01590F7441C9B40373F /* Inter_18pt-ThinItalic.ttf */; };
		1637A55BE3474335AB506DFA /* Inter_24pt-Black.ttf in Resources */ = {isa = PBXBuildFile; fileRef = CD66D1B153B24837AE21FB98 /* Inter_24pt-Black.ttf */; };
		E884F0D3DBEC4CE28BED34F0 /* Inter_24pt-BlackItalic.ttf in Resources */ = {isa = PBXBuildFile; fileRef = D5FE754A41C545A5A8D5ECCF /* Inter_24pt-BlackItalic.ttf */; };
		07C5B7812CFD473D85B719B3 /* Inter_24pt-Bold.ttf in Resources */ = {isa = PBXBuildFile; fileRef = CFD61BAEBACC4F0C9B1FFD78 /* Inter_24pt-Bold.ttf */; };
		7BEDC235B277483A971576A1 /* Inter_24pt-BoldItalic.ttf in Resources */ = {isa = PBXBuildFile; fileRef = D0F60ADFCDEF465BAEFDB53D /* Inter_24pt-BoldItalic.ttf */; };
		5CDC5B0465CC4B2B946295AB /* Inter_24pt-ExtraBold.ttf in Resources */ = {isa = PBXBuildFile; fileRef = FBC2499EC9F54C8ABF768A47 /* Inter_24pt-ExtraBold.ttf */; };
		4508C9AEC68449B48D84301B /* Inter_24pt-ExtraBoldItalic.ttf in Resources */ = {isa = PBXBuildFile; fileRef = 6E78077FE6EA485A9024945A /* Inter_24pt-ExtraBoldItalic.ttf */; };
		DA9D46ACDDA64B609D92C534 /* Inter_24pt-ExtraLight.ttf in Resources */ = {isa = PBXBuildFile; fileRef = D4189A973289448FA0B8489B /* Inter_24pt-ExtraLight.ttf */; };
		28E42116C5344209824B3032 /* Inter_24pt-ExtraLightItalic.ttf in Resources */ = {isa = PBXBuildFile; fileRef = 44FB190A083D461A893DA4E3 /* Inter_24pt-ExtraLightItalic.ttf */; };
		DC51B6FD4D3847A7BC82594A /* Inter_24pt-Italic.ttf in Resources */ = {isa = PBXBuildFile; fileRef = A32CFAD618C34B50A98490DE /* Inter_24pt-Italic.ttf */; };
		C1F04529CEB94962BEC24535 /* Inter_24pt-Light.ttf in Resources */ = {isa = PBXBuildFile; fileRef = 8946AA92F47F46319DE348CA /* Inter_24pt-Light.ttf */; };
		075F7C480B29482B8EAB4322 /* Inter_24pt-LightItalic.ttf in Resources */ = {isa = PBXBuildFile; fileRef = 8DB353517A01420B9103A3AB /* Inter_24pt-LightItalic.ttf */; };
		F90974A27C904C2FB8A88B78 /* Inter_24pt-Medium.ttf in Resources */ = {isa = PBXBuildFile; fileRef = 8F6B83BE573742DABD8E18CF /* Inter_24pt-Medium.ttf */; };
		EC51F2CF1EF74694A9A1BD2C /* Inter_24pt-MediumItalic.ttf in Resources */ = {isa = PBXBuildFile; fileRef = DC55B62968CF40D9968B1843 /* Inter_24pt-MediumItalic.ttf */; };
		700BDE2BA2FD4873881F571B /* Inter_24pt-Regular.ttf in Resources */ = {isa = PBXBuildFile; fileRef = BFEF90FA17104C20B3C88066 /* Inter_24pt-Regular.ttf */; };
		5B88BE42500643FFA1B81F0E /* Inter_24pt-SemiBold.ttf in Resources */ = {isa = PBXBuildFile; fileRef = 63E66F53C58D447DB898AE27 /* Inter_24pt-SemiBold.ttf */; };
		0222D6EDCD6B4C2CAF994868 /* Inter_24pt-SemiBoldItalic.ttf in Resources */ = {isa = PBXBuildFile; fileRef = 05F16D3130DC4CBAAF0179FC /* Inter_24pt-SemiBoldItalic.ttf */; };
		3A34FC6FCA514BF8A7B72991 /* Inter_24pt-Thin.ttf in Resources */ = {isa = PBXBuildFile; fileRef = 99B5AF9B75BD4D33881D51BC /* Inter_24pt-Thin.ttf */; };
		1644F82F421D4B1292DC177F /* Inter_24pt-ThinItalic.ttf in Resources */ = {isa = PBXBuildFile; fileRef = FEC675F823184253B1BDE694 /* Inter_24pt-ThinItalic.ttf */; };
		C1B0D615DD5C453C89B76FE9 /* Inter_28pt-Black.ttf in Resources */ = {isa = PBXBuildFile; fileRef = 90FD3546838A4E4DA5513618 /* Inter_28pt-Black.ttf */; };
		DC91E73F811A4A269FFC30C5 /* Inter_28pt-BlackItalic.ttf in Resources */ = {isa = PBXBuildFile; fileRef = 3E0D580B4BB24B0FA983792D /* Inter_28pt-BlackItalic.ttf */; };
		44E7B45D1C6A4280B6109DBA /* Inter_28pt-Bold.ttf in Resources */ = {isa = PBXBuildFile; fileRef = 389506DEF79F4DAAB5DB63F3 /* Inter_28pt-Bold.ttf */; };
		726B330E9015443CBEB01476 /* Inter_28pt-BoldItalic.ttf in Resources */ = {isa = PBXBuildFile; fileRef = 6F9FC5775BF04E1C85455631 /* Inter_28pt-BoldItalic.ttf */; };
		46578AB347C84F99BAD3D422 /* Inter_28pt-ExtraBold.ttf in Resources */ = {isa = PBXBuildFile; fileRef = 1BB4E844EBE44C7FB87CC937 /* Inter_28pt-ExtraBold.ttf */; };
		31C2F4104DF64294BCAD606D /* Inter_28pt-ExtraBoldItalic.ttf in Resources */ = {isa = PBXBuildFile; fileRef = 182CC371F5E142549FBCF049 /* Inter_28pt-ExtraBoldItalic.ttf */; };
		B81D2D260D594312B06F3C07 /* Inter_28pt-ExtraLight.ttf in Resources */ = {isa = PBXBuildFile; fileRef = 62D3DFCE36B34A1882976AA1 /* Inter_28pt-ExtraLight.ttf */; };
		EA02AF7AAC0B4ADBA2BFF0FE /* Inter_28pt-ExtraLightItalic.ttf in Resources */ = {isa = PBXBuildFile; fileRef = 506AAF26D130474D9A2319A2 /* Inter_28pt-ExtraLightItalic.ttf */; };
		BC1C668377174FAD9C3F8BFC /* Inter_28pt-Italic.ttf in Resources */ = {isa = PBXBuildFile; fileRef = 943ADD971D154593BDFCEFBF /* Inter_28pt-Italic.ttf */; };
		93BF0C712A0F4189A7F4B2E0 /* Inter_28pt-Light.ttf in Resources */ = {isa = PBXBuildFile; fileRef = 053AB61CF7AA43FDAD65E9A5 /* Inter_28pt-Light.ttf */; };
		D910984165A44A2D8C572F74 /* Inter_28pt-LightItalic.ttf in Resources */ = {isa = PBXBuildFile; fileRef = A6ACD2CB9038482E92DCE3CE /* Inter_28pt-LightItalic.ttf */; };
		BC22E952DB2346B3BAB987FA /* Inter_28pt-Medium.ttf in Resources */ = {isa = PBXBuildFile; fileRef = EF3A4FC34F0E48418A26874C /* Inter_28pt-Medium.ttf */; };
		ECDA146231F247AD9D39BE52 /* Inter_28pt-MediumItalic.ttf in Resources */ = {isa = PBXBuildFile; fileRef = BB47AF2BE9B54B3A8AD76CEE /* Inter_28pt-MediumItalic.ttf */; };
		3F3F4921DD634474A1A62213 /* Inter_28pt-Regular.ttf in Resources */ = {isa = PBXBuildFile; fileRef = FB3917BFD72346228C58EC8D /* Inter_28pt-Regular.ttf */; };
		3D1BEAA8B0A04F7FB51062CD /* Inter_28pt-SemiBold.ttf in Resources */ = {isa = PBXBuildFile; fileRef = 5C8E6809CA05415B81520D17 /* Inter_28pt-SemiBold.ttf */; };
		C3BCC6331D0445FD92F33691 /* Inter_28pt-SemiBoldItalic.ttf in Resources */ = {isa = PBXBuildFile; fileRef = 82D2E98F76F3429CA719ED98 /* Inter_28pt-SemiBoldItalic.ttf */; };
		C7D004C0C60C45CCBEAAA03A /* Inter_28pt-Thin.ttf in Resources */ = {isa = PBXBuildFile; fileRef = 104CE5E091B34CFCBD2E723A /* Inter_28pt-Thin.ttf */; };
		38847FDD6F704969BDD8BA7F /* Inter_28pt-ThinItalic.ttf in Resources */ = {isa = PBXBuildFile; fileRef = D6D868F5AFE143429ADAF17E /* Inter_28pt-ThinItalic.ttf */; };
		3840669797774AD89266D5E9 /* helper.js in Resources */ = {isa = PBXBuildFile; fileRef = 0625E5F44F6A477DAEDF350E /* helper.js */; };
/* End PBXBuildFile section */

/* Begin PBXContainerItemProxy section */
		00E356F41AD99517003FC87E /* PBXContainerItemProxy */ = {
			isa = PBXContainerItemProxy;
			containerPortal = 83CBB9F71A601CBA00E9B192 /* Project object */;
			proxyType = 1;
			remoteGlobalIDString = 13B07F861A680F5B00A75B9A;
			remoteInfo = SocialMediaApp;
		};
/* End PBXContainerItemProxy section */

/* Begin PBXFileReference section */
		00E356EE1AD99517003FC87E /* SocialMediaAppTests.xctest */ = {isa = PBXFileReference; explicitFileType = wrapper.cfbundle; includeInIndex = 0; path = SocialMediaAppTests.xctest; sourceTree = BUILT_PRODUCTS_DIR; };
		00E356F11AD99517003FC87E /* Info.plist */ = {isa = PBXFileReference; lastKnownFileType = text.plist.xml; path = Info.plist; sourceTree = "<group>"; };
		00E356F21AD99517003FC87E /* SocialMediaAppTests.m */ = {isa = PBXFileReference; lastKnownFileType = sourcecode.c.objc; path = SocialMediaAppTests.m; sourceTree = "<group>"; };
		13B07F961A680F5B00A75B9A /* SocialMediaApp.app */ = {isa = PBXFileReference; explicitFileType = wrapper.application; includeInIndex = 0; path = SocialMediaApp.app; sourceTree = BUILT_PRODUCTS_DIR; };
		13B07FAF1A68108700A75B9A /* AppDelegate.h */ = {isa = PBXFileReference; fileEncoding = 4; lastKnownFileType = sourcecode.c.h; name = AppDelegate.h; path = SocialMediaApp/AppDelegate.h; sourceTree = "<group>"; };
		13B07FB01A68108700A75B9A /* AppDelegate.mm */ = {isa = PBXFileReference; fileEncoding = 4; lastKnownFileType = sourcecode.cpp.objcpp; name = AppDelegate.mm; path = SocialMediaApp/AppDelegate.mm; sourceTree = "<group>"; };
		13B07FB51A68108700A75B9A /* Images.xcassets */ = {isa = PBXFileReference; lastKnownFileType = folder.assetcatalog; name = Images.xcassets; path = SocialMediaApp/Images.xcassets; sourceTree = "<group>"; };
		13B07FB61A68108700A75B9A /* Info.plist */ = {isa = PBXFileReference; fileEncoding = 4; lastKnownFileType = text.plist.xml; name = Info.plist; path = SocialMediaApp/Info.plist; sourceTree = "<group>"; };
		13B07FB71A68108700A75B9A /* main.m */ = {isa = PBXFileReference; fileEncoding = 4; lastKnownFileType = sourcecode.c.objc; name = main.m; path = SocialMediaApp/main.m; sourceTree = "<group>"; };
		13B07FB81A68108700A75B9A /* PrivacyInfo.xcprivacy */ = {isa = PBXFileReference; fileEncoding = 4; lastKnownFileType = text.plist.xml; name = PrivacyInfo.xcprivacy; path = SocialMediaApp/PrivacyInfo.xcprivacy; sourceTree = "<group>"; };
		19F6CBCC0A4E27FBF8BF4A61 /* libPods-SocialMediaApp-SocialMediaAppTests.a */ = {isa = PBXFileReference; explicitFileType = archive.ar; includeInIndex = 0; path = "libPods-SocialMediaApp-SocialMediaAppTests.a"; sourceTree = BUILT_PRODUCTS_DIR; };
		3B4392A12AC88292D35C810B /* Pods-SocialMediaApp.debug.xcconfig */ = {isa = PBXFileReference; includeInIndex = 1; lastKnownFileType = text.xcconfig; name = "Pods-SocialMediaApp.debug.xcconfig"; path = "Target Support Files/Pods-SocialMediaApp/Pods-SocialMediaApp.debug.xcconfig"; sourceTree = "<group>"; };
		5709B34CF0A7D63546082F79 /* Pods-SocialMediaApp.release.xcconfig */ = {isa = PBXFileReference; includeInIndex = 1; lastKnownFileType = text.xcconfig; name = "Pods-SocialMediaApp.release.xcconfig"; path = "Target Support Files/Pods-SocialMediaApp/Pods-SocialMediaApp.release.xcconfig"; sourceTree = "<group>"; };
		5B7EB9410499542E8C5724F5 /* Pods-SocialMediaApp-SocialMediaAppTests.debug.xcconfig */ = {isa = PBXFileReference; includeInIndex = 1; lastKnownFileType = text.xcconfig; name = "Pods-SocialMediaApp-SocialMediaAppTests.debug.xcconfig"; path = "Target Support Files/Pods-SocialMediaApp-SocialMediaAppTests/Pods-SocialMediaApp-SocialMediaAppTests.debug.xcconfig"; sourceTree = "<group>"; };
		5DCACB8F33CDC322A6C60F78 /* libPods-SocialMediaApp.a */ = {isa = PBXFileReference; explicitFileType = archive.ar; includeInIndex = 0; path = "libPods-SocialMediaApp.a"; sourceTree = BUILT_PRODUCTS_DIR; };
		81AB9BB72411601600AC10FF /* LaunchScreen.storyboard */ = {isa = PBXFileReference; fileEncoding = 4; lastKnownFileType = file.storyboard; name = LaunchScreen.storyboard; path = SocialMediaApp/LaunchScreen.storyboard; sourceTree = "<group>"; };
		89C6BE57DB24E9ADA2F236DE /* Pods-SocialMediaApp-SocialMediaAppTests.release.xcconfig */ = {isa = PBXFileReference; includeInIndex = 1; lastKnownFileType = text.xcconfig; name = "Pods-SocialMediaApp-SocialMediaAppTests.release.xcconfig"; path = "Target Support Files/Pods-SocialMediaApp-SocialMediaAppTests/Pods-SocialMediaApp-SocialMediaAppTests.release.xcconfig"; sourceTree = "<group>"; };
		ED297162215061F000B7C4FE /* JavaScriptCore.framework */ = {isa = PBXFileReference; lastKnownFileType = wrapper.framework; name = JavaScriptCore.framework; path = System/Library/Frameworks/JavaScriptCore.framework; sourceTree = SDKROOT; };
		ABF20ECB01404ACFB71AB772 /* Inter_18pt-Black.ttf */ = {isa = PBXFileReference; name = "Inter_18pt-Black.ttf"; path = "../assets/fonts/Inter_18pt-Black.ttf"; sourceTree = "<group>"; fileEncoding = undefined; lastKnownFileType = unknown; explicitFileType = undefined; includeInIndex = 0; };
		7A4C968DA48C49BAAB8651C4 /* Inter_18pt-BlackItalic.ttf */ = {isa = PBXFileReference; name = "Inter_18pt-BlackItalic.ttf"; path = "../assets/fonts/Inter_18pt-BlackItalic.ttf"; sourceTree = "<group>"; fileEncoding = undefined; lastKnownFileType = unknown; explicitFileType = undefined; includeInIndex = 0; };
		B719B68E35E24C3ABB47942C /* Inter_18pt-Bold.ttf */ = {isa = PBXFileReference; name = "Inter_18pt-Bold.ttf"; path = "../assets/fonts/Inter_18pt-Bold.ttf"; sourceTree = "<group>"; fileEncoding = undefined; lastKnownFileType = unknown; explicitFileType = undefined; includeInIndex = 0; };
		C9ABE0C5FA054A3AABED5E61 /* Inter_18pt-BoldItalic.ttf */ = {isa = PBXFileReference; name = "Inter_18pt-BoldItalic.ttf"; path = "../assets/fonts/Inter_18pt-BoldItalic.ttf"; sourceTree = "<group>"; fileEncoding = undefined; lastKnownFileType = unknown; explicitFileType = undefined; includeInIndex = 0; };
		4F4A422CFFE946FBB2029E0E /* Inter_18pt-ExtraBold.ttf */ = {isa = PBXFileReference; name = "Inter_18pt-ExtraBold.ttf"; path = "../assets/fonts/Inter_18pt-ExtraBold.ttf"; sourceTree = "<group>"; fileEncoding = undefined; lastKnownFileType = unknown; explicitFileType = undefined; includeInIndex = 0; };
		1E63478397AD4CF6BF91A8E5 /* Inter_18pt-ExtraBoldItalic.ttf */ = {isa = PBXFileReference; name = "Inter_18pt-ExtraBoldItalic.ttf"; path = "../assets/fonts/Inter_18pt-ExtraBoldItalic.ttf"; sourceTree = "<group>"; fileEncoding = undefined; lastKnownFileType = unknown; explicitFileType = undefined; includeInIndex = 0; };
		E00260EE14314CDFA4F8AAE8 /* Inter_18pt-ExtraLight.ttf */ = {isa = PBXFileReference; name = "Inter_18pt-ExtraLight.ttf"; path = "../assets/fonts/Inter_18pt-ExtraLight.ttf"; sourceTree = "<group>"; fileEncoding = undefined; lastKnownFileType = unknown; explicitFileType = undefined; includeInIndex = 0; };
		2B8B1C85E131449A9E855B51 /* Inter_18pt-ExtraLightItalic.ttf */ = {isa = PBXFileReference; name = "Inter_18pt-ExtraLightItalic.ttf"; path = "../assets/fonts/Inter_18pt-ExtraLightItalic.ttf"; sourceTree = "<group>"; fileEncoding = undefined; lastKnownFileType = unknown; explicitFileType = undefined; includeInIndex = 0; };
		DEAB7AA9DE3C4A919D54E90F /* Inter_18pt-Italic.ttf */ = {isa = PBXFileReference; name = "Inter_18pt-Italic.ttf"; path = "../assets/fonts/Inter_18pt-Italic.ttf"; sourceTree = "<group>"; fileEncoding = undefined; lastKnownFileType = unknown; explicitFileType = undefined; includeInIndex = 0; };
		EE8279C2DA364E24845D4429 /* Inter_18pt-Light.ttf */ = {isa = PBXFileReference; name = "Inter_18pt-Light.ttf"; path = "../assets/fonts/Inter_18pt-Light.ttf"; sourceTree = "<group>"; fileEncoding = undefined; lastKnownFileType = unknown; explicitFileType = undefined; includeInIndex = 0; };
		83620FCE740843C48E7E6B0D /* Inter_18pt-LightItalic.ttf */ = {isa = PBXFileReference; name = "Inter_18pt-LightItalic.ttf"; path = "../assets/fonts/Inter_18pt-LightItalic.ttf"; sourceTree = "<group>"; fileEncoding = undefined; lastKnownFileType = unknown; explicitFileType = undefined; includeInIndex = 0; };
		592F1165FE3944A58AD32F6E /* Inter_18pt-Medium.ttf */ = {isa = PBXFileReference; name = "Inter_18pt-Medium.ttf"; path = "../assets/fonts/Inter_18pt-Medium.ttf"; sourceTree = "<group>"; fileEncoding = undefined; lastKnownFileType = unknown; explicitFileType = undefined; includeInIndex = 0; };
		FB9AF92FD11547E0ADBB45E6 /* Inter_18pt-MediumItalic.ttf */ = {isa = PBXFileReference; name = "Inter_18pt-MediumItalic.ttf"; path = "../assets/fonts/Inter_18pt-MediumItalic.ttf"; sourceTree = "<group>"; fileEncoding = undefined; lastKnownFileType = unknown; explicitFileType = undefined; includeInIndex = 0; };
		C76B1848F773485F965236A9 /* Inter_18pt-Regular.ttf */ = {isa = PBXFileReference; name = "Inter_18pt-Regular.ttf"; path = "../assets/fonts/Inter_18pt-Regular.ttf"; sourceTree = "<group>"; fileEncoding = undefined; lastKnownFileType = unknown; explicitFileType = undefined; includeInIndex = 0; };
		00C614B8E8964F22A88F54FE /* Inter_18pt-SemiBold.ttf */ = {isa = PBXFileReference; name = "Inter_18pt-SemiBold.ttf"; path = "../assets/fonts/Inter_18pt-SemiBold.ttf"; sourceTree = "<group>"; fileEncoding = undefined; lastKnownFileType = unknown; explicitFileType = undefined; includeInIndex = 0; };
		884A882FFCFC4248A7720E76 /* Inter_18pt-SemiBoldItalic.ttf */ = {isa = PBXFileReference; name = "Inter_18pt-SemiBoldItalic.ttf"; path = "../assets/fonts/Inter_18pt-SemiBoldItalic.ttf"; sourceTree = "<group>"; fileEncoding = undefined; lastKnownFileType = unknown; explicitFileType = undefined; includeInIndex = 0; };
		1459DAB290354BBF89B9F417 /* Inter_18pt-Thin.ttf */ = {isa = PBXFileReference; name = "Inter_18pt-Thin.ttf"; path = "../assets/fonts/Inter_18pt-Thin.ttf"; sourceTree = "<group>"; fileEncoding = undefined; lastKnownFileType = unknown; explicitFileType = undefined; includeInIndex = 0; };
		23A9B01590F7441C9B40373F /* Inter_18pt-ThinItalic.ttf */ = {isa = PBXFileReference; name = "Inter_18pt-ThinItalic.ttf"; path = "../assets/fonts/Inter_18pt-ThinItalic.ttf"; sourceTree = "<group>"; fileEncoding = undefined; lastKnownFileType = unknown; explicitFileType = undefined; includeInIndex = 0; };
		CD66D1B153B24837AE21FB98 /* Inter_24pt-Black.ttf */ = {isa = PBXFileReference; name = "Inter_24pt-Black.ttf"; path = "../assets/fonts/Inter_24pt-Black.ttf"; sourceTree = "<group>"; fileEncoding = undefined; lastKnownFileType = unknown; explicitFileType = undefined; includeInIndex = 0; };
		D5FE754A41C545A5A8D5ECCF /* Inter_24pt-BlackItalic.ttf */ = {isa = PBXFileReference; name = "Inter_24pt-BlackItalic.ttf"; path = "../assets/fonts/Inter_24pt-BlackItalic.ttf"; sourceTree = "<group>"; fileEncoding = undefined; lastKnownFileType = unknown; explicitFileType = undefined; includeInIndex = 0; };
		CFD61BAEBACC4F0C9B1FFD78 /* Inter_24pt-Bold.ttf */ = {isa = PBXFileReference; name = "Inter_24pt-Bold.ttf"; path = "../assets/fonts/Inter_24pt-Bold.ttf"; sourceTree = "<group>"; fileEncoding = undefined; lastKnownFileType = unknown; explicitFileType = undefined; includeInIndex = 0; };
		D0F60ADFCDEF465BAEFDB53D /* Inter_24pt-BoldItalic.ttf */ = {isa = PBXFileReference; name = "Inter_24pt-BoldItalic.ttf"; path = "../assets/fonts/Inter_24pt-BoldItalic.ttf"; sourceTree = "<group>"; fileEncoding = undefined; lastKnownFileType = unknown; explicitFileType = undefined; includeInIndex = 0; };
		FBC2499EC9F54C8ABF768A47 /* Inter_24pt-ExtraBold.ttf */ = {isa = PBXFileReference; name = "Inter_24pt-ExtraBold.ttf"; path = "../assets/fonts/Inter_24pt-ExtraBold.ttf"; sourceTree = "<group>"; fileEncoding = undefined; lastKnownFileType = unknown; explicitFileType = undefined; includeInIndex = 0; };
		6E78077FE6EA485A9024945A /* Inter_24pt-ExtraBoldItalic.ttf */ = {isa = PBXFileReference; name = "Inter_24pt-ExtraBoldItalic.ttf"; path = "../assets/fonts/Inter_24pt-ExtraBoldItalic.ttf"; sourceTree = "<group>"; fileEncoding = undefined; lastKnownFileType = unknown; explicitFileType = undefined; includeInIndex = 0; };
		D4189A973289448FA0B8489B /* Inter_24pt-ExtraLight.ttf */ = {isa = PBXFileReference; name = "Inter_24pt-ExtraLight.ttf"; path = "../assets/fonts/Inter_24pt-ExtraLight.ttf"; sourceTree = "<group>"; fileEncoding = undefined; lastKnownFileType = unknown; explicitFileType = undefined; includeInIndex = 0; };
		44FB190A083D461A893DA4E3 /* Inter_24pt-ExtraLightItalic.ttf */ = {isa = PBXFileReference; name = "Inter_24pt-ExtraLightItalic.ttf"; path = "../assets/fonts/Inter_24pt-ExtraLightItalic.ttf"; sourceTree = "<group>"; fileEncoding = undefined; lastKnownFileType = unknown; explicitFileType = undefined; includeInIndex = 0; };
		A32CFAD618C34B50A98490DE /* Inter_24pt-Italic.ttf */ = {isa = PBXFileReference; name = "Inter_24pt-Italic.ttf"; path = "../assets/fonts/Inter_24pt-Italic.ttf"; sourceTree = "<group>"; fileEncoding = undefined; lastKnownFileType = unknown; explicitFileType = undefined; includeInIndex = 0; };
		8946AA92F47F46319DE348CA /* Inter_24pt-Light.ttf */ = {isa = PBXFileReference; name = "Inter_24pt-Light.ttf"; path = "../assets/fonts/Inter_24pt-Light.ttf"; sourceTree = "<group>"; fileEncoding = undefined; lastKnownFileType = unknown; explicitFileType = undefined; includeInIndex = 0; };
		8DB353517A01420B9103A3AB /* Inter_24pt-LightItalic.ttf */ = {isa = PBXFileReference; name = "Inter_24pt-LightItalic.ttf"; path = "../assets/fonts/Inter_24pt-LightItalic.ttf"; sourceTree = "<group>"; fileEncoding = undefined; lastKnownFileType = unknown; explicitFileType = undefined; includeInIndex = 0; };
		8F6B83BE573742DABD8E18CF /* Inter_24pt-Medium.ttf */ = {isa = PBXFileReference; name = "Inter_24pt-Medium.ttf"; path = "../assets/fonts/Inter_24pt-Medium.ttf"; sourceTree = "<group>"; fileEncoding = undefined; lastKnownFileType = unknown; explicitFileType = undefined; includeInIndex = 0; };
		DC55B62968CF40D9968B1843 /* Inter_24pt-MediumItalic.ttf */ = {isa = PBXFileReference; name = "Inter_24pt-MediumItalic.ttf"; path = "../assets/fonts/Inter_24pt-MediumItalic.ttf"; sourceTree = "<group>"; fileEncoding = undefined; lastKnownFileType = unknown; explicitFileType = undefined; includeInIndex = 0; };
		BFEF90FA17104C20B3C88066 /* Inter_24pt-Regular.ttf */ = {isa = PBXFileReference; name = "Inter_24pt-Regular.ttf"; path = "../assets/fonts/Inter_24pt-Regular.ttf"; sourceTree = "<group>"; fileEncoding = undefined; lastKnownFileType = unknown; explicitFileType = undefined; includeInIndex = 0; };
		63E66F53C58D447DB898AE27 /* Inter_24pt-SemiBold.ttf */ = {isa = PBXFileReference; name = "Inter_24pt-SemiBold.ttf"; path = "../assets/fonts/Inter_24pt-SemiBold.ttf"; sourceTree = "<group>"; fileEncoding = undefined; lastKnownFileType = unknown; explicitFileType = undefined; includeInIndex = 0; };
		05F16D3130DC4CBAAF0179FC /* Inter_24pt-SemiBoldItalic.ttf */ = {isa = PBXFileReference; name = "Inter_24pt-SemiBoldItalic.ttf"; path = "../assets/fonts/Inter_24pt-SemiBoldItalic.ttf"; sourceTree = "<group>"; fileEncoding = undefined; lastKnownFileType = unknown; explicitFileType = undefined; includeInIndex = 0; };
		99B5AF9B75BD4D33881D51BC /* Inter_24pt-Thin.ttf */ = {isa = PBXFileReference; name = "Inter_24pt-Thin.ttf"; path = "../assets/fonts/Inter_24pt-Thin.ttf"; sourceTree = "<group>"; fileEncoding = undefined; lastKnownFileType = unknown; explicitFileType = undefined; includeInIndex = 0; };
		FEC675F823184253B1BDE694 /* Inter_24pt-ThinItalic.ttf */ = {isa = PBXFileReference; name = "Inter_24pt-ThinItalic.ttf"; path = "../assets/fonts/Inter_24pt-ThinItalic.ttf"; sourceTree = "<group>"; fileEncoding = undefined; lastKnownFileType = unknown; explicitFileType = undefined; includeInIndex = 0; };
		90FD3546838A4E4DA5513618 /* Inter_28pt-Black.ttf */ = {isa = PBXFileReference; name = "Inter_28pt-Black.ttf"; path = "../assets/fonts/Inter_28pt-Black.ttf"; sourceTree = "<group>"; fileEncoding = undefined; lastKnownFileType = unknown; explicitFileType = undefined; includeInIndex = 0; };
		3E0D580B4BB24B0FA983792D /* Inter_28pt-BlackItalic.ttf */ = {isa = PBXFileReference; name = "Inter_28pt-BlackItalic.ttf"; path = "../assets/fonts/Inter_28pt-BlackItalic.ttf"; sourceTree = "<group>"; fileEncoding = undefined; lastKnownFileType = unknown; explicitFileType = undefined; includeInIndex = 0; };
		389506DEF79F4DAAB5DB63F3 /* Inter_28pt-Bold.ttf */ = {isa = PBXFileReference; name = "Inter_28pt-Bold.ttf"; path = "../assets/fonts/Inter_28pt-Bold.ttf"; sourceTree = "<group>"; fileEncoding = undefined; lastKnownFileType = unknown; explicitFileType = undefined; includeInIndex = 0; };
		6F9FC5775BF04E1C85455631 /* Inter_28pt-BoldItalic.ttf */ = {isa = PBXFileReference; name = "Inter_28pt-BoldItalic.ttf"; path = "../assets/fonts/Inter_28pt-BoldItalic.ttf"; sourceTree = "<group>"; fileEncoding = undefined; lastKnownFileType = unknown; explicitFileType = undefined; includeInIndex = 0; };
		1BB4E844EBE44C7FB87CC937 /* Inter_28pt-ExtraBold.ttf */ = {isa = PBXFileReference; name = "Inter_28pt-ExtraBold.ttf"; path = "../assets/fonts/Inter_28pt-ExtraBold.ttf"; sourceTree = "<group>"; fileEncoding = undefined; lastKnownFileType = unknown; explicitFileType = undefined; includeInIndex = 0; };
		182CC371F5E142549FBCF049 /* Inter_28pt-ExtraBoldItalic.ttf */ = {isa = PBXFileReference; name = "Inter_28pt-ExtraBoldItalic.ttf"; path = "../assets/fonts/Inter_28pt-ExtraBoldItalic.ttf"; sourceTree = "<group>"; fileEncoding = undefined; lastKnownFileType = unknown; explicitFileType = undefined; includeInIndex = 0; };
		62D3DFCE36B34A1882976AA1 /* Inter_28pt-ExtraLight.ttf */ = {isa = PBXFileReference; name = "Inter_28pt-ExtraLight.ttf"; path = "../assets/fonts/Inter_28pt-ExtraLight.ttf"; sourceTree = "<group>"; fileEncoding = undefined; lastKnownFileType = unknown; explicitFileType = undefined; includeInIndex = 0; };
		506AAF26D130474D9A2319A2 /* Inter_28pt-ExtraLightItalic.ttf */ = {isa = PBXFileReference; name = "Inter_28pt-ExtraLightItalic.ttf"; path = "../assets/fonts/Inter_28pt-ExtraLightItalic.ttf"; sourceTree = "<group>"; fileEncoding = undefined; lastKnownFileType = unknown; explicitFileType = undefined; includeInIndex = 0; };
		943ADD971D154593BDFCEFBF /* Inter_28pt-Italic.ttf */ = {isa = PBXFileReference; name = "Inter_28pt-Italic.ttf"; path = "../assets/fonts/Inter_28pt-Italic.ttf"; sourceTree = "<group>"; fileEncoding = undefined; lastKnownFileType = unknown; explicitFileType = undefined; includeInIndex = 0; };
		053AB61CF7AA43FDAD65E9A5 /* Inter_28pt-Light.ttf */ = {isa = PBXFileReference; name = "Inter_28pt-Light.ttf"; path = "../assets/fonts/Inter_28pt-Light.ttf"; sourceTree = "<group>"; fileEncoding = undefined; lastKnownFileType = unknown; explicitFileType = undefined; includeInIndex = 0; };
		A6ACD2CB9038482E92DCE3CE /* Inter_28pt-LightItalic.ttf */ = {isa = PBXFileReference; name = "Inter_28pt-LightItalic.ttf"; path = "../assets/fonts/Inter_28pt-LightItalic.ttf"; sourceTree = "<group>"; fileEncoding = undefined; lastKnownFileType = unknown; explicitFileType = undefined; includeInIndex = 0; };
		EF3A4FC34F0E48418A26874C /* Inter_28pt-Medium.ttf */ = {isa = PBXFileReference; name = "Inter_28pt-Medium.ttf"; path = "../assets/fonts/Inter_28pt-Medium.ttf"; sourceTree = "<group>"; fileEncoding = undefined; lastKnownFileType = unknown; explicitFileType = undefined; includeInIndex = 0; };
		BB47AF2BE9B54B3A8AD76CEE /* Inter_28pt-MediumItalic.ttf */ = {isa = PBXFileReference; name = "Inter_28pt-MediumItalic.ttf"; path = "../assets/fonts/Inter_28pt-MediumItalic.ttf"; sourceTree = "<group>"; fileEncoding = undefined; lastKnownFileType = unknown; explicitFileType = undefined; includeInIndex = 0; };
		FB3917BFD72346228C58EC8D /* Inter_28pt-Regular.ttf */ = {isa = PBXFileReference; name = "Inter_28pt-Regular.ttf"; path = "../assets/fonts/Inter_28pt-Regular.ttf"; sourceTree = "<group>"; fileEncoding = undefined; lastKnownFileType = unknown; explicitFileType = undefined; includeInIndex = 0; };
		5C8E6809CA05415B81520D17 /* Inter_28pt-SemiBold.ttf */ = {isa = PBXFileReference; name = "Inter_28pt-SemiBold.ttf"; path = "../assets/fonts/Inter_28pt-SemiBold.ttf"; sourceTree = "<group>"; fileEncoding = undefined; lastKnownFileType = unknown; explicitFileType = undefined; includeInIndex = 0; };
		82D2E98F76F3429CA719ED98 /* Inter_28pt-SemiBoldItalic.ttf */ = {isa = PBXFileReference; name = "Inter_28pt-SemiBoldItalic.ttf"; path = "../assets/fonts/Inter_28pt-SemiBoldItalic.ttf"; sourceTree = "<group>"; fileEncoding = undefined; lastKnownFileType = unknown; explicitFileType = undefined; includeInIndex = 0; };
		104CE5E091B34CFCBD2E723A /* Inter_28pt-Thin.ttf */ = {isa = PBXFileReference; name = "Inter_28pt-Thin.ttf"; path = "../assets/fonts/Inter_28pt-Thin.ttf"; sourceTree = "<group>"; fileEncoding = undefined; lastKnownFileType = unknown; explicitFileType = undefined; includeInIndex = 0; };
		D6D868F5AFE143429ADAF17E /* Inter_28pt-ThinItalic.ttf */ = {isa = PBXFileReference; name = "Inter_28pt-ThinItalic.ttf"; path = "../assets/fonts/Inter_28pt-ThinItalic.ttf"; sourceTree = "<group>"; fileEncoding = undefined; lastKnownFileType = unknown; explicitFileType = undefined; includeInIndex = 0; };
		0625E5F44F6A477DAEDF350E /* helper.js */ = {isa = PBXFileReference; name = "helper.js"; path = "../assets/fonts/helper.js"; sourceTree = "<group>"; fileEncoding = undefined; lastKnownFileType = unknown; explicitFileType = undefined; includeInIndex = 0; };
/* End PBXFileReference section */

/* Begin PBXFrameworksBuildPhase section */
		00E356EB1AD99517003FC87E /* Frameworks */ = {
			isa = PBXFrameworksBuildPhase;
			buildActionMask = 2147483647;
			files = (
				7699B88040F8A987B510C191 /* libPods-SocialMediaApp-SocialMediaAppTests.a in Frameworks */,
			);
			runOnlyForDeploymentPostprocessing = 0;
		};
		13B07F8C1A680F5B00A75B9A /* Frameworks */ = {
			isa = PBXFrameworksBuildPhase;
			buildActionMask = 2147483647;
			files = (
				0C80B921A6F3F58F76C31292 /* libPods-SocialMediaApp.a in Frameworks */,
			);
			runOnlyForDeploymentPostprocessing = 0;
		};
/* End PBXFrameworksBuildPhase section */

/* Begin PBXGroup section */
		00E356EF1AD99517003FC87E /* SocialMediaAppTests */ = {
			isa = PBXGroup;
			children = (
				00E356F21AD99517003FC87E /* SocialMediaAppTests.m */,
				00E356F01AD99517003FC87E /* Supporting Files */,
			);
			path = SocialMediaAppTests;
			sourceTree = "<group>";
		};
		00E356F01AD99517003FC87E /* Supporting Files */ = {
			isa = PBXGroup;
			children = (
				00E356F11AD99517003FC87E /* Info.plist */,
			);
			name = "Supporting Files";
			sourceTree = "<group>";
		};
		13B07FAE1A68108700A75B9A /* SocialMediaApp */ = {
			isa = PBXGroup;
			children = (
				13B07FAF1A68108700A75B9A /* AppDelegate.h */,
				13B07FB01A68108700A75B9A /* AppDelegate.mm */,
				13B07FB51A68108700A75B9A /* Images.xcassets */,
				13B07FB61A68108700A75B9A /* Info.plist */,
				81AB9BB72411601600AC10FF /* LaunchScreen.storyboard */,
				13B07FB71A68108700A75B9A /* main.m */,
				13B07FB81A68108700A75B9A /* PrivacyInfo.xcprivacy */,
			);
			name = SocialMediaApp;
			sourceTree = "<group>";
		};
		2D16E6871FA4F8E400B85C8A /* Frameworks */ = {
			isa = PBXGroup;
			children = (
				ED297162215061F000B7C4FE /* JavaScriptCore.framework */,
				5DCACB8F33CDC322A6C60F78 /* libPods-SocialMediaApp.a */,
				19F6CBCC0A4E27FBF8BF4A61 /* libPods-SocialMediaApp-SocialMediaAppTests.a */,
			);
			name = Frameworks;
			sourceTree = "<group>";
		};
		832341AE1AAA6A7D00B99B32 /* Libraries */ = {
			isa = PBXGroup;
			children = (
			);
			name = Libraries;
			sourceTree = "<group>";
		};
		83CBB9F61A601CBA00E9B192 = {
			isa = PBXGroup;
			children = (
				13B07FAE1A68108700A75B9A /* SocialMediaApp */,
				832341AE1AAA6A7D00B99B32 /* Libraries */,
				00E356EF1AD99517003FC87E /* SocialMediaAppTests */,
				83CBBA001A601CBA00E9B192 /* Products */,
				2D16E6871FA4F8E400B85C8A /* Frameworks */,
				BBD78D7AC51CEA395F1C20DB /* Pods */,
				4FE460A6E697469CA10942CE /* Resources */,
			);
			indentWidth = 2;
			sourceTree = "<group>";
			tabWidth = 2;
			usesTabs = 0;
		};
		83CBBA001A601CBA00E9B192 /* Products */ = {
			isa = PBXGroup;
			children = (
				13B07F961A680F5B00A75B9A /* SocialMediaApp.app */,
				00E356EE1AD99517003FC87E /* SocialMediaAppTests.xctest */,
			);
			name = Products;
			sourceTree = "<group>";
		};
		BBD78D7AC51CEA395F1C20DB /* Pods */ = {
			isa = PBXGroup;
			children = (
				3B4392A12AC88292D35C810B /* Pods-SocialMediaApp.debug.xcconfig */,
				5709B34CF0A7D63546082F79 /* Pods-SocialMediaApp.release.xcconfig */,
				5B7EB9410499542E8C5724F5 /* Pods-SocialMediaApp-SocialMediaAppTests.debug.xcconfig */,
				89C6BE57DB24E9ADA2F236DE /* Pods-SocialMediaApp-SocialMediaAppTests.release.xcconfig */,
			);
			path = Pods;
			sourceTree = "<group>";
		};
		4FE460A6E697469CA10942CE /* Resources */ = {
			isa = "PBXGroup";
			children = (
				ABF20ECB01404ACFB71AB772 /* Inter_18pt-Black.ttf */,
				7A4C968DA48C49BAAB8651C4 /* Inter_18pt-BlackItalic.ttf */,
				B719B68E35E24C3ABB47942C /* Inter_18pt-Bold.ttf */,
				C9ABE0C5FA054A3AABED5E61 /* Inter_18pt-BoldItalic.ttf */,
				4F4A422CFFE946FBB2029E0E /* Inter_18pt-ExtraBold.ttf */,
				1E63478397AD4CF6BF91A8E5 /* Inter_18pt-ExtraBoldItalic.ttf */,
				E00260EE14314CDFA4F8AAE8 /* Inter_18pt-ExtraLight.ttf */,
				2B8B1C85E131449A9E855B51 /* Inter_18pt-ExtraLightItalic.ttf */,
				DEAB7AA9DE3C4A919D54E90F /* Inter_18pt-Italic.ttf */,
				EE8279C2DA364E24845D4429 /* Inter_18pt-Light.ttf */,
				83620FCE740843C48E7E6B0D /* Inter_18pt-LightItalic.ttf */,
				592F1165FE3944A58AD32F6E /* Inter_18pt-Medium.ttf */,
				FB9AF92FD11547E0ADBB45E6 /* Inter_18pt-MediumItalic.ttf */,
				C76B1848F773485F965236A9 /* Inter_18pt-Regular.ttf */,
				00C614B8E8964F22A88F54FE /* Inter_18pt-SemiBold.ttf */,
				884A882FFCFC4248A7720E76 /* Inter_18pt-SemiBoldItalic.ttf */,
				1459DAB290354BBF89B9F417 /* Inter_18pt-Thin.ttf */,
				23A9B01590F7441C9B40373F /* Inter_18pt-ThinItalic.ttf */,
				CD66D1B153B24837AE21FB98 /* Inter_24pt-Black.ttf */,
				D5FE754A41C545A5A8D5ECCF /* Inter_24pt-BlackItalic.ttf */,
				CFD61BAEBACC4F0C9B1FFD78 /* Inter_24pt-Bold.ttf */,
				D0F60ADFCDEF465BAEFDB53D /* Inter_24pt-BoldItalic.ttf */,
				FBC2499EC9F54C8ABF768A47 /* Inter_24pt-ExtraBold.ttf */,
				6E78077FE6EA485A9024945A /* Inter_24pt-ExtraBoldItalic.ttf */,
				D4189A973289448FA0B8489B /* Inter_24pt-ExtraLight.ttf */,
				44FB190A083D461A893DA4E3 /* Inter_24pt-ExtraLightItalic.ttf */,
				A32CFAD618C34B50A98490DE /* Inter_24pt-Italic.ttf */,
				8946AA92F47F46319DE348CA /* Inter_24pt-Light.ttf */,
				8DB353517A01420B9103A3AB /* Inter_24pt-LightItalic.ttf */,
				8F6B83BE573742DABD8E18CF /* Inter_24pt-Medium.ttf */,
				DC55B62968CF40D9968B1843 /* Inter_24pt-MediumItalic.ttf */,
				BFEF90FA17104C20B3C88066 /* Inter_24pt-Regular.ttf */,
				63E66F53C58D447DB898AE27 /* Inter_24pt-SemiBold.ttf */,
				05F16D3130DC4CBAAF0179FC /* Inter_24pt-SemiBoldItalic.ttf */,
				99B5AF9B75BD4D33881D51BC /* Inter_24pt-Thin.ttf */,
				FEC675F823184253B1BDE694 /* Inter_24pt-ThinItalic.ttf */,
				90FD3546838A4E4DA5513618 /* Inter_28pt-Black.ttf */,
				3E0D580B4BB24B0FA983792D /* Inter_28pt-BlackItalic.ttf */,
				389506DEF79F4DAAB5DB63F3 /* Inter_28pt-Bold.ttf */,
				6F9FC5775BF04E1C85455631 /* Inter_28pt-BoldItalic.ttf */,
				1BB4E844EBE44C7FB87CC937 /* Inter_28pt-ExtraBold.ttf */,
				182CC371F5E142549FBCF049 /* Inter_28pt-ExtraBoldItalic.ttf */,
				62D3DFCE36B34A1882976AA1 /* Inter_28pt-ExtraLight.ttf */,
				506AAF26D130474D9A2319A2 /* Inter_28pt-ExtraLightItalic.ttf */,
				943ADD971D154593BDFCEFBF /* Inter_28pt-Italic.ttf */,
				053AB61CF7AA43FDAD65E9A5 /* Inter_28pt-Light.ttf */,
				A6ACD2CB9038482E92DCE3CE /* Inter_28pt-LightItalic.ttf */,
				EF3A4FC34F0E48418A26874C /* Inter_28pt-Medium.ttf */,
				BB47AF2BE9B54B3A8AD76CEE /* Inter_28pt-MediumItalic.ttf */,
				FB3917BFD72346228C58EC8D /* Inter_28pt-Regular.ttf */,
				5C8E6809CA05415B81520D17 /* Inter_28pt-SemiBold.ttf */,
				82D2E98F76F3429CA719ED98 /* Inter_28pt-SemiBoldItalic.ttf */,
				104CE5E091B34CFCBD2E723A /* Inter_28pt-Thin.ttf */,
				D6D868F5AFE143429ADAF17E /* Inter_28pt-ThinItalic.ttf */,
				0625E5F44F6A477DAEDF350E /* helper.js */,
			);
			name = Resources;
			sourceTree = "<group>";
			path = "";
		};
/* End PBXGroup section */

/* Begin PBXNativeTarget section */
		00E356ED1AD99517003FC87E /* SocialMediaAppTests */ = {
			isa = PBXNativeTarget;
			buildConfigurationList = 00E357021AD99517003FC87E /* Build configuration list for PBXNativeTarget "SocialMediaAppTests" */;
			buildPhases = (
				A55EABD7B0C7F3A422A6CC61 /* [CP] Check Pods Manifest.lock */,
				00E356EA1AD99517003FC87E /* Sources */,
				00E356EB1AD99517003FC87E /* Frameworks */,
				00E356EC1AD99517003FC87E /* Resources */,
				C59DA0FBD6956966B86A3779 /* [CP] Embed Pods Frameworks */,
				F6A41C54EA430FDDC6A6ED99 /* [CP] Copy Pods Resources */,
			);
			buildRules = (
			);
			dependencies = (
				00E356F51AD99517003FC87E /* PBXTargetDependency */,
			);
			name = SocialMediaAppTests;
			productName = SocialMediaAppTests;
			productReference = 00E356EE1AD99517003FC87E /* SocialMediaAppTests.xctest */;
			productType = "com.apple.product-type.bundle.unit-test";
		};
		13B07F861A680F5B00A75B9A /* SocialMediaApp */ = {
			isa = PBXNativeTarget;
			buildConfigurationList = 13B07F931A680F5B00A75B9A /* Build configuration list for PBXNativeTarget "SocialMediaApp" */;
			buildPhases = (
				C38B50BA6285516D6DCD4F65 /* [CP] Check Pods Manifest.lock */,
				13B07F871A680F5B00A75B9A /* Sources */,
				13B07F8C1A680F5B00A75B9A /* Frameworks */,
				13B07F8E1A680F5B00A75B9A /* Resources */,
				00DD1BFF1BD5951E006B06BC /* Bundle React Native code and images */,
				00EEFC60759A1932668264C0 /* [CP] Embed Pods Frameworks */,
				E235C05ADACE081382539298 /* [CP] Copy Pods Resources */,
			);
			buildRules = (
			);
			dependencies = (
			);
			name = SocialMediaApp;
			productName = SocialMediaApp;
			productReference = 13B07F961A680F5B00A75B9A /* SocialMediaApp.app */;
			productType = "com.apple.product-type.application";
		};
/* End PBXNativeTarget section */

/* Begin PBXProject section */
		83CBB9F71A601CBA00E9B192 /* Project object */ = {
			isa = PBXProject;
			attributes = {
				LastUpgradeCheck = 1210;
				TargetAttributes = {
					00E356ED1AD99517003FC87E = {
						CreatedOnToolsVersion = 6.2;
						TestTargetID = 13B07F861A680F5B00A75B9A;
					};
					13B07F861A680F5B00A75B9A = {
						LastSwiftMigration = 1120;
					};
				};
			};
			buildConfigurationList = 83CBB9FA1A601CBA00E9B192 /* Build configuration list for PBXProject "SocialMediaApp" */;
			compatibilityVersion = "Xcode 12.0";
			developmentRegion = en;
			hasScannedForEncodings = 0;
			knownRegions = (
				en,
				Base,
			);
			mainGroup = 83CBB9F61A601CBA00E9B192;
			productRefGroup = 83CBBA001A601CBA00E9B192 /* Products */;
			projectDirPath = "";
			projectRoot = "";
			targets = (
				13B07F861A680F5B00A75B9A /* SocialMediaApp */,
				00E356ED1AD99517003FC87E /* SocialMediaAppTests */,
			);
		};
/* End PBXProject section */

/* Begin PBXResourcesBuildPhase section */
		00E356EC1AD99517003FC87E /* Resources */ = {
			isa = PBXResourcesBuildPhase;
			buildActionMask = 2147483647;
			files = (
			);
			runOnlyForDeploymentPostprocessing = 0;
		};
		13B07F8E1A680F5B00A75B9A /* Resources */ = {
			isa = PBXResourcesBuildPhase;
			buildActionMask = 2147483647;
			files = (
				81AB9BB82411601600AC10FF /* LaunchScreen.storyboard in Resources */,
				13B07FBF1A68108700A75B9A /* Images.xcassets in Resources */,
				C3B8FE1D7A2A45CFA8E5DE73 /* Inter_18pt-Black.ttf in Resources */,
				DA5DBEF4B03546EA880A9F0E /* Inter_18pt-BlackItalic.ttf in Resources */,
				3A87495A2B734F679BA54AE2 /* Inter_18pt-Bold.ttf in Resources */,
				63ED9694A4174C9B9FC98671 /* Inter_18pt-BoldItalic.ttf in Resources */,
				C7EEC77770364D9FB7841A43 /* Inter_18pt-ExtraBold.ttf in Resources */,
				DDDECB825A964CF0990BDF2A /* Inter_18pt-ExtraBoldItalic.ttf in Resources */,
				B9ABE7E351B6448B9E9F3636 /* Inter_18pt-ExtraLight.ttf in Resources */,
				3A05782B373F4189ADEAE045 /* Inter_18pt-ExtraLightItalic.ttf in Resources */,
				4D1ED97A0A604E43B4BC56B6 /* Inter_18pt-Italic.ttf in Resources */,
				CF19A048384C4743BBF67812 /* Inter_18pt-Light.ttf in Resources */,
				0CFD6BDD2CF64AA4B0FAC472 /* Inter_18pt-LightItalic.ttf in Resources */,
				76A2C6D46B0645BB97BFD0A1 /* Inter_18pt-Medium.ttf in Resources */,
				75C91FBCE09F46F1B313A1C3 /* Inter_18pt-MediumItalic.ttf in Resources */,
				47D917E289BC4EB0B3D891B3 /* Inter_18pt-Regular.ttf in Resources */,
				6F7688B8AD2A4BB4BC52197B /* Inter_18pt-SemiBold.ttf in Resources */,
				D5F1400AA1CA4A46B6E013B2 /* Inter_18pt-SemiBoldItalic.ttf in Resources */,
				3A7040DE42BE486892F1C256 /* Inter_18pt-Thin.ttf in Resources */,
				58BE4B12F46B45299D616CBA /* Inter_18pt-ThinItalic.ttf in Resources */,
				1637A55BE3474335AB506DFA /* Inter_24pt-Black.ttf in Resources */,
				E884F0D3DBEC4CE28BED34F0 /* Inter_24pt-BlackItalic.ttf in Resources */,
				07C5B7812CFD473D85B719B3 /* Inter_24pt-Bold.ttf in Resources */,
				7BEDC235B277483A971576A1 /* Inter_24pt-BoldItalic.ttf in Resources */,
				5CDC5B0465CC4B2B946295AB /* Inter_24pt-ExtraBold.ttf in Resources */,
				4508C9AEC68449B48D84301B /* Inter_24pt-ExtraBoldItalic.ttf in Resources */,
				DA9D46ACDDA64B609D92C534 /* Inter_24pt-ExtraLight.ttf in Resources */,
				28E42116C5344209824B3032 /* Inter_24pt-ExtraLightItalic.ttf in Resources */,
				DC51B6FD4D3847A7BC82594A /* Inter_24pt-Italic.ttf in Resources */,
				C1F04529CEB94962BEC24535 /* Inter_24pt-Light.ttf in Resources */,
				075F7C480B29482B8EAB4322 /* Inter_24pt-LightItalic.ttf in Resources */,
				F90974A27C904C2FB8A88B78 /* Inter_24pt-Medium.ttf in Resources */,
				EC51F2CF1EF74694A9A1BD2C /* Inter_24pt-MediumItalic.ttf in Resources */,
				700BDE2BA2FD4873881F571B /* Inter_24pt-Regular.ttf in Resources */,
				5B88BE42500643FFA1B81F0E /* Inter_24pt-SemiBold.ttf in Resources */,
				0222D6EDCD6B4C2CAF994868 /* Inter_24pt-SemiBoldItalic.ttf in Resources */,
				3A34FC6FCA514BF8A7B72991 /* Inter_24pt-Thin.ttf in Resources */,
				1644F82F421D4B1292DC177F /* Inter_24pt-ThinItalic.ttf in Resources */,
				C1B0D615DD5C453C89B76FE9 /* Inter_28pt-Black.ttf in Resources */,
				DC91E73F811A4A269FFC30C5 /* Inter_28pt-BlackItalic.ttf in Resources */,
				44E7B45D1C6A4280B6109DBA /* Inter_28pt-Bold.ttf in Resources */,
				726B330E9015443CBEB01476 /* Inter_28pt-BoldItalic.ttf in Resources */,
				46578AB347C84F99BAD3D422 /* Inter_28pt-ExtraBold.ttf in Resources */,
				31C2F4104DF64294BCAD606D /* Inter_28pt-ExtraBoldItalic.ttf in Resources */,
				B81D2D260D594312B06F3C07 /* Inter_28pt-ExtraLight.ttf in Resources */,
				EA02AF7AAC0B4ADBA2BFF0FE /* Inter_28pt-ExtraLightItalic.ttf in Resources */,
				BC1C668377174FAD9C3F8BFC /* Inter_28pt-Italic.ttf in Resources */,
				93BF0C712A0F4189A7F4B2E0 /* Inter_28pt-Light.ttf in Resources */,
				D910984165A44A2D8C572F74 /* Inter_28pt-LightItalic.ttf in Resources */,
				BC22E952DB2346B3BAB987FA /* Inter_28pt-Medium.ttf in Resources */,
				ECDA146231F247AD9D39BE52 /* Inter_28pt-MediumItalic.ttf in Resources */,
				3F3F4921DD634474A1A62213 /* Inter_28pt-Regular.ttf in Resources */,
				3D1BEAA8B0A04F7FB51062CD /* Inter_28pt-SemiBold.ttf in Resources */,
				C3BCC6331D0445FD92F33691 /* Inter_28pt-SemiBoldItalic.ttf in Resources */,
				C7D004C0C60C45CCBEAAA03A /* Inter_28pt-Thin.ttf in Resources */,
				38847FDD6F704969BDD8BA7F /* Inter_28pt-ThinItalic.ttf in Resources */,
				3840669797774AD89266D5E9 /* helper.js in Resources */,
			);
			runOnlyForDeploymentPostprocessing = 0;
		};
/* End PBXResourcesBuildPhase section */

/* Begin PBXShellScriptBuildPhase section */
		00DD1BFF1BD5951E006B06BC /* Bundle React Native code and images */ = {
			isa = PBXShellScriptBuildPhase;
			buildActionMask = 2147483647;
			files = (
			);
			inputPaths = (
				"$(SRCROOT)/.xcode.env.local",
				"$(SRCROOT)/.xcode.env",
			);
			name = "Bundle React Native code and images";
			outputPaths = (
			);
			runOnlyForDeploymentPostprocessing = 0;
			shellPath = /bin/sh;
			shellScript = "set -e\n\nWITH_ENVIRONMENT=\"$REACT_NATIVE_PATH/scripts/xcode/with-environment.sh\"\nREACT_NATIVE_XCODE=\"$REACT_NATIVE_PATH/scripts/react-native-xcode.sh\"\n\n/bin/sh -c \"$WITH_ENVIRONMENT $REACT_NATIVE_XCODE\"\n";
		};
		00EEFC60759A1932668264C0 /* [CP] Embed Pods Frameworks */ = {
			isa = PBXShellScriptBuildPhase;
			buildActionMask = 2147483647;
			files = (
			);
			inputFileListPaths = (
				"${PODS_ROOT}/Target Support Files/Pods-SocialMediaApp/Pods-SocialMediaApp-frameworks-${CONFIGURATION}-input-files.xcfilelist",
			);
			name = "[CP] Embed Pods Frameworks";
			outputFileListPaths = (
				"${PODS_ROOT}/Target Support Files/Pods-SocialMediaApp/Pods-SocialMediaApp-frameworks-${CONFIGURATION}-output-files.xcfilelist",
			);
			runOnlyForDeploymentPostprocessing = 0;
			shellPath = /bin/sh;
			shellScript = "\"${PODS_ROOT}/Target Support Files/Pods-SocialMediaApp/Pods-SocialMediaApp-frameworks.sh\"\n";
			showEnvVarsInLog = 0;
		};
		A55EABD7B0C7F3A422A6CC61 /* [CP] Check Pods Manifest.lock */ = {
			isa = PBXShellScriptBuildPhase;
			buildActionMask = 2147483647;
			files = (
			);
			inputFileListPaths = (
			);
			inputPaths = (
				"${PODS_PODFILE_DIR_PATH}/Podfile.lock",
				"${PODS_ROOT}/Manifest.lock",
			);
			name = "[CP] Check Pods Manifest.lock";
			outputFileListPaths = (
			);
			outputPaths = (
				"$(DERIVED_FILE_DIR)/Pods-SocialMediaApp-SocialMediaAppTests-checkManifestLockResult.txt",
			);
			runOnlyForDeploymentPostprocessing = 0;
			shellPath = /bin/sh;
			shellScript = "diff \"${PODS_PODFILE_DIR_PATH}/Podfile.lock\" \"${PODS_ROOT}/Manifest.lock\" > /dev/null\nif [ $? != 0 ] ; then\n    # print error to STDERR\n    echo \"error: The sandbox is not in sync with the Podfile.lock. Run 'pod install' or update your CocoaPods installation.\" >&2\n    exit 1\nfi\n# This output is used by Xcode 'outputs' to avoid re-running this script phase.\necho \"SUCCESS\" > \"${SCRIPT_OUTPUT_FILE_0}\"\n";
			showEnvVarsInLog = 0;
		};
		C38B50BA6285516D6DCD4F65 /* [CP] Check Pods Manifest.lock */ = {
			isa = PBXShellScriptBuildPhase;
			buildActionMask = 2147483647;
			files = (
			);
			inputFileListPaths = (
			);
			inputPaths = (
				"${PODS_PODFILE_DIR_PATH}/Podfile.lock",
				"${PODS_ROOT}/Manifest.lock",
			);
			name = "[CP] Check Pods Manifest.lock";
			outputFileListPaths = (
			);
			outputPaths = (
				"$(DERIVED_FILE_DIR)/Pods-SocialMediaApp-checkManifestLockResult.txt",
			);
			runOnlyForDeploymentPostprocessing = 0;
			shellPath = /bin/sh;
			shellScript = "diff \"${PODS_PODFILE_DIR_PATH}/Podfile.lock\" \"${PODS_ROOT}/Manifest.lock\" > /dev/null\nif [ $? != 0 ] ; then\n    # print error to STDERR\n    echo \"error: The sandbox is not in sync with the Podfile.lock. Run 'pod install' or update your CocoaPods installation.\" >&2\n    exit 1\nfi\n# This output is used by Xcode 'outputs' to avoid re-running this script phase.\necho \"SUCCESS\" > \"${SCRIPT_OUTPUT_FILE_0}\"\n";
			showEnvVarsInLog = 0;
		};
		C59DA0FBD6956966B86A3779 /* [CP] Embed Pods Frameworks */ = {
			isa = PBXShellScriptBuildPhase;
			buildActionMask = 2147483647;
			files = (
			);
			inputFileListPaths = (
				"${PODS_ROOT}/Target Support Files/Pods-SocialMediaApp-SocialMediaAppTests/Pods-SocialMediaApp-SocialMediaAppTests-frameworks-${CONFIGURATION}-input-files.xcfilelist",
			);
			name = "[CP] Embed Pods Frameworks";
			outputFileListPaths = (
				"${PODS_ROOT}/Target Support Files/Pods-SocialMediaApp-SocialMediaAppTests/Pods-SocialMediaApp-SocialMediaAppTests-frameworks-${CONFIGURATION}-output-files.xcfilelist",
			);
			runOnlyForDeploymentPostprocessing = 0;
			shellPath = /bin/sh;
			shellScript = "\"${PODS_ROOT}/Target Support Files/Pods-SocialMediaApp-SocialMediaAppTests/Pods-SocialMediaApp-SocialMediaAppTests-frameworks.sh\"\n";
			showEnvVarsInLog = 0;
		};
		E235C05ADACE081382539298 /* [CP] Copy Pods Resources */ = {
			isa = PBXShellScriptBuildPhase;
			buildActionMask = 2147483647;
			files = (
			);
			inputFileListPaths = (
				"${PODS_ROOT}/Target Support Files/Pods-SocialMediaApp/Pods-SocialMediaApp-resources-${CONFIGURATION}-input-files.xcfilelist",
			);
			name = "[CP] Copy Pods Resources";
			outputFileListPaths = (
				"${PODS_ROOT}/Target Support Files/Pods-SocialMediaApp/Pods-SocialMediaApp-resources-${CONFIGURATION}-output-files.xcfilelist",
			);
			runOnlyForDeploymentPostprocessing = 0;
			shellPath = /bin/sh;
			shellScript = "\"${PODS_ROOT}/Target Support Files/Pods-SocialMediaApp/Pods-SocialMediaApp-resources.sh\"\n";
			showEnvVarsInLog = 0;
		};
		F6A41C54EA430FDDC6A6ED99 /* [CP] Copy Pods Resources */ = {
			isa = PBXShellScriptBuildPhase;
			buildActionMask = 2147483647;
			files = (
			);
			inputFileListPaths = (
				"${PODS_ROOT}/Target Support Files/Pods-SocialMediaApp-SocialMediaAppTests/Pods-SocialMediaApp-SocialMediaAppTests-resources-${CONFIGURATION}-input-files.xcfilelist",
			);
			name = "[CP] Copy Pods Resources";
			outputFileListPaths = (
				"${PODS_ROOT}/Target Support Files/Pods-SocialMediaApp-SocialMediaAppTests/Pods-SocialMediaApp-SocialMediaAppTests-resources-${CONFIGURATION}-output-files.xcfilelist",
			);
			runOnlyForDeploymentPostprocessing = 0;
			shellPath = /bin/sh;
			shellScript = "\"${PODS_ROOT}/Target Support Files/Pods-SocialMediaApp-SocialMediaAppTests/Pods-SocialMediaApp-SocialMediaAppTests-resources.sh\"\n";
			showEnvVarsInLog = 0;
		};
/* End PBXShellScriptBuildPhase section */

/* Begin PBXSourcesBuildPhase section */
		00E356EA1AD99517003FC87E /* Sources */ = {
			isa = PBXSourcesBuildPhase;
			buildActionMask = 2147483647;
			files = (
				00E356F31AD99517003FC87E /* SocialMediaAppTests.m in Sources */,
			);
			runOnlyForDeploymentPostprocessing = 0;
		};
		13B07F871A680F5B00A75B9A /* Sources */ = {
			isa = PBXSourcesBuildPhase;
			buildActionMask = 2147483647;
			files = (
				13B07FBC1A68108700A75B9A /* AppDelegate.mm in Sources */,
				13B07FC11A68108700A75B9A /* main.m in Sources */,
			);
			runOnlyForDeploymentPostprocessing = 0;
		};
/* End PBXSourcesBuildPhase section */

/* Begin PBXTargetDependency section */
		00E356F51AD99517003FC87E /* PBXTargetDependency */ = {
			isa = PBXTargetDependency;
			target = 13B07F861A680F5B00A75B9A /* SocialMediaApp */;
			targetProxy = 00E356F41AD99517003FC87E /* PBXContainerItemProxy */;
		};
/* End PBXTargetDependency section */

/* Begin XCBuildConfiguration section */
		00E356F61AD99517003FC87E /* Debug */ = {
			isa = XCBuildConfiguration;
			baseConfigurationReference = 5B7EB9410499542E8C5724F5 /* Pods-SocialMediaApp-SocialMediaAppTests.debug.xcconfig */;
			buildSettings = {
				BUNDLE_LOADER = "$(TEST_HOST)";
				GCC_PREPROCESSOR_DEFINITIONS = (
					"DEBUG=1",
					"$(inherited)",
				);
				INFOPLIST_FILE = SocialMediaAppTests/Info.plist;
				IPHONEOS_DEPLOYMENT_TARGET = 13.4;
				LD_RUNPATH_SEARCH_PATHS = (
					"$(inherited)",
					"@executable_path/Frameworks",
					"@loader_path/Frameworks",
				);
				OTHER_LDFLAGS = (
					"-ObjC",
					"-lc++",
					"$(inherited)",
				);
				PRODUCT_BUNDLE_IDENTIFIER = "org.reactjs.native.example.$(PRODUCT_NAME:rfc1034identifier)";
				PRODUCT_NAME = "$(TARGET_NAME)";
				TEST_HOST = "$(BUILT_PRODUCTS_DIR)/SocialMediaApp.app/SocialMediaApp";
			};
			name = Debug;
		};
		00E356F71AD99517003FC87E /* Release */ = {
			isa = XCBuildConfiguration;
			baseConfigurationReference = 89C6BE57DB24E9ADA2F236DE /* Pods-SocialMediaApp-SocialMediaAppTests.release.xcconfig */;
			buildSettings = {
				BUNDLE_LOADER = "$(TEST_HOST)";
				COPY_PHASE_STRIP = NO;
				INFOPLIST_FILE = SocialMediaAppTests/Info.plist;
				IPHONEOS_DEPLOYMENT_TARGET = 13.4;
				LD_RUNPATH_SEARCH_PATHS = (
					"$(inherited)",
					"@executable_path/Frameworks",
					"@loader_path/Frameworks",
				);
				OTHER_LDFLAGS = (
					"-ObjC",
					"-lc++",
					"$(inherited)",
				);
				PRODUCT_BUNDLE_IDENTIFIER = "org.reactjs.native.example.$(PRODUCT_NAME:rfc1034identifier)";
				PRODUCT_NAME = "$(TARGET_NAME)";
				TEST_HOST = "$(BUILT_PRODUCTS_DIR)/SocialMediaApp.app/SocialMediaApp";
			};
			name = Release;
		};
		13B07F941A680F5B00A75B9A /* Debug */ = {
			isa = XCBuildConfiguration;
			baseConfigurationReference = 3B4392A12AC88292D35C810B /* Pods-SocialMediaApp.debug.xcconfig */;
			buildSettings = {
				ASSETCATALOG_COMPILER_APPICON_NAME = AppIcon;
				CLANG_ENABLE_MODULES = YES;
				CURRENT_PROJECT_VERSION = 1;
				ENABLE_BITCODE = NO;
				INFOPLIST_FILE = SocialMediaApp/Info.plist;
				LD_RUNPATH_SEARCH_PATHS = (
					"$(inherited)",
					"@executable_path/Frameworks",
				);
				MARKETING_VERSION = 1.0;
				OTHER_LDFLAGS = (
					"$(inherited)",
					"-ObjC",
					"-lc++",
				);
				PRODUCT_BUNDLE_IDENTIFIER = "org.reactjs.native.example.$(PRODUCT_NAME:rfc1034identifier)";
				PRODUCT_NAME = SocialMediaApp;
				SWIFT_OPTIMIZATION_LEVEL = "-Onone";
				SWIFT_VERSION = 5.0;
				VERSIONING_SYSTEM = "apple-generic";
			};
			name = Debug;
		};
		13B07F951A680F5B00A75B9A /* Release */ = {
			isa = XCBuildConfiguration;
			baseConfigurationReference = 5709B34CF0A7D63546082F79 /* Pods-SocialMediaApp.release.xcconfig */;
			buildSettings = {
				ASSETCATALOG_COMPILER_APPICON_NAME = AppIcon;
				CLANG_ENABLE_MODULES = YES;
				CURRENT_PROJECT_VERSION = 1;
				INFOPLIST_FILE = SocialMediaApp/Info.plist;
				LD_RUNPATH_SEARCH_PATHS = (
					"$(inherited)",
					"@executable_path/Frameworks",
				);
				MARKETING_VERSION = 1.0;
				OTHER_LDFLAGS = (
					"$(inherited)",
					"-ObjC",
					"-lc++",
				);
				PRODUCT_BUNDLE_IDENTIFIER = "org.reactjs.native.example.$(PRODUCT_NAME:rfc1034identifier)";
				PRODUCT_NAME = SocialMediaApp;
				SWIFT_VERSION = 5.0;
				VERSIONING_SYSTEM = "apple-generic";
			};
			name = Release;
		};
		83CBBA201A601CBA00E9B192 /* Debug */ = {
			isa = XCBuildConfiguration;
			buildSettings = {
				ALWAYS_SEARCH_USER_PATHS = NO;
				CLANG_ANALYZER_LOCALIZABILITY_NONLOCALIZED = YES;
				CLANG_CXX_LANGUAGE_STANDARD = "c++20";
				CLANG_CXX_LIBRARY = "libc++";
				CLANG_ENABLE_MODULES = YES;
				CLANG_ENABLE_OBJC_ARC = YES;
				CLANG_WARN_BLOCK_CAPTURE_AUTORELEASING = YES;
				CLANG_WARN_BOOL_CONVERSION = YES;
				CLANG_WARN_COMMA = YES;
				CLANG_WARN_CONSTANT_CONVERSION = YES;
				CLANG_WARN_DEPRECATED_OBJC_IMPLEMENTATIONS = YES;
				CLANG_WARN_DIRECT_OBJC_ISA_USAGE = YES_ERROR;
				CLANG_WARN_EMPTY_BODY = YES;
				CLANG_WARN_ENUM_CONVERSION = YES;
				CLANG_WARN_INFINITE_RECURSION = YES;
				CLANG_WARN_INT_CONVERSION = YES;
				CLANG_WARN_NON_LITERAL_NULL_CONVERSION = YES;
				CLANG_WARN_OBJC_IMPLICIT_RETAIN_SELF = YES;
				CLANG_WARN_OBJC_LITERAL_CONVERSION = YES;
				CLANG_WARN_OBJC_ROOT_CLASS = YES_ERROR;
				CLANG_WARN_QUOTED_INCLUDE_IN_FRAMEWORK_HEADER = YES;
				CLANG_WARN_RANGE_LOOP_ANALYSIS = YES;
				CLANG_WARN_STRICT_PROTOTYPES = YES;
				CLANG_WARN_SUSPICIOUS_MOVE = YES;
				CLANG_WARN_UNREACHABLE_CODE = YES;
				CLANG_WARN__DUPLICATE_METHOD_MATCH = YES;
				"CODE_SIGN_IDENTITY[sdk=iphoneos*]" = "iPhone Developer";
				COPY_PHASE_STRIP = NO;
				ENABLE_STRICT_OBJC_MSGSEND = YES;
				ENABLE_TESTABILITY = YES;
				"EXCLUDED_ARCHS[sdk=iphonesimulator*]" = "";
				GCC_C_LANGUAGE_STANDARD = gnu99;
				GCC_DYNAMIC_NO_PIC = NO;
				GCC_NO_COMMON_BLOCKS = YES;
				GCC_OPTIMIZATION_LEVEL = 0;
				GCC_PREPROCESSOR_DEFINITIONS = (
					"DEBUG=1",
					"$(inherited)",
				);
				GCC_SYMBOLS_PRIVATE_EXTERN = NO;
				GCC_WARN_64_TO_32_BIT_CONVERSION = YES;
				GCC_WARN_ABOUT_RETURN_TYPE = YES_ERROR;
				GCC_WARN_UNDECLARED_SELECTOR = YES;
				GCC_WARN_UNINITIALIZED_AUTOS = YES_AGGRESSIVE;
				GCC_WARN_UNUSED_FUNCTION = YES;
				GCC_WARN_UNUSED_VARIABLE = YES;
				IPHONEOS_DEPLOYMENT_TARGET = 13.4;
				LD_RUNPATH_SEARCH_PATHS = (
					/usr/lib/swift,
					"$(inherited)",
				);
				LIBRARY_SEARCH_PATHS = (
					"\"$(SDKROOT)/usr/lib/swift\"",
					"\"$(TOOLCHAIN_DIR)/usr/lib/swift/$(PLATFORM_NAME)\"",
					"\"$(inherited)\"",
				);
				MTL_ENABLE_DEBUG_INFO = YES;
				ONLY_ACTIVE_ARCH = YES;
				OTHER_CPLUSPLUSFLAGS = (
					"$(OTHER_CFLAGS)",
					"-DFOLLY_NO_CONFIG",
					"-DFOLLY_MOBILE=1",
					"-DFOLLY_USE_LIBCPP=1",
					"-DFOLLY_CFG_NO_COROUTINES=1",
					"-DFOLLY_HAVE_CLOCK_GETTIME=1",
				);
				SDKROOT = iphoneos;
			};
			name = Debug;
		};
		83CBBA211A601CBA00E9B192 /* Release */ = {
			isa = XCBuildConfiguration;
			buildSettings = {
				ALWAYS_SEARCH_USER_PATHS = NO;
				CLANG_ANALYZER_LOCALIZABILITY_NONLOCALIZED = YES;
				CLANG_CXX_LANGUAGE_STANDARD = "c++20";
				CLANG_CXX_LIBRARY = "libc++";
				CLANG_ENABLE_MODULES = YES;
				CLANG_ENABLE_OBJC_ARC = YES;
				CLANG_WARN_BLOCK_CAPTURE_AUTORELEASING = YES;
				CLANG_WARN_BOOL_CONVERSION = YES;
				CLANG_WARN_COMMA = YES;
				CLANG_WARN_CONSTANT_CONVERSION = YES;
				CLANG_WARN_DEPRECATED_OBJC_IMPLEMENTATIONS = YES;
				CLANG_WARN_DIRECT_OBJC_ISA_USAGE = YES_ERROR;
				CLANG_WARN_EMPTY_BODY = YES;
				CLANG_WARN_ENUM_CONVERSION = YES;
				CLANG_WARN_INFINITE_RECURSION = YES;
				CLANG_WARN_INT_CONVERSION = YES;
				CLANG_WARN_NON_LITERAL_NULL_CONVERSION = YES;
				CLANG_WARN_OBJC_IMPLICIT_RETAIN_SELF = YES;
				CLANG_WARN_OBJC_LITERAL_CONVERSION = YES;
				CLANG_WARN_OBJC_ROOT_CLASS = YES_ERROR;
				CLANG_WARN_QUOTED_INCLUDE_IN_FRAMEWORK_HEADER = YES;
				CLANG_WARN_RANGE_LOOP_ANALYSIS = YES;
				CLANG_WARN_STRICT_PROTOTYPES = YES;
				CLANG_WARN_SUSPICIOUS_MOVE = YES;
				CLANG_WARN_UNREACHABLE_CODE = YES;
				CLANG_WARN__DUPLICATE_METHOD_MATCH = YES;
				"CODE_SIGN_IDENTITY[sdk=iphoneos*]" = "iPhone Developer";
				COPY_PHASE_STRIP = YES;
				ENABLE_NS_ASSERTIONS = NO;
				ENABLE_STRICT_OBJC_MSGSEND = YES;
				"EXCLUDED_ARCHS[sdk=iphonesimulator*]" = "";
				GCC_C_LANGUAGE_STANDARD = gnu99;
				GCC_NO_COMMON_BLOCKS = YES;
				GCC_WARN_64_TO_32_BIT_CONVERSION = YES;
				GCC_WARN_ABOUT_RETURN_TYPE = YES_ERROR;
				GCC_WARN_UNDECLARED_SELECTOR = YES;
				GCC_WARN_UNINITIALIZED_AUTOS = YES_AGGRESSIVE;
				GCC_WARN_UNUSED_FUNCTION = YES;
				GCC_WARN_UNUSED_VARIABLE = YES;
				IPHONEOS_DEPLOYMENT_TARGET = 13.4;
				LD_RUNPATH_SEARCH_PATHS = (
					/usr/lib/swift,
					"$(inherited)",
				);
				LIBRARY_SEARCH_PATHS = (
					"\"$(SDKROOT)/usr/lib/swift\"",
					"\"$(TOOLCHAIN_DIR)/usr/lib/swift/$(PLATFORM_NAME)\"",
					"\"$(inherited)\"",
				);
				MTL_ENABLE_DEBUG_INFO = NO;
				OTHER_CPLUSPLUSFLAGS = (
					"$(OTHER_CFLAGS)",
					"-DFOLLY_NO_CONFIG",
					"-DFOLLY_MOBILE=1",
					"-DFOLLY_USE_LIBCPP=1",
					"-DFOLLY_CFG_NO_COROUTINES=1",
					"-DFOLLY_HAVE_CLOCK_GETTIME=1",
				);
				SDKROOT = iphoneos;
				VALIDATE_PRODUCT = YES;
			};
			name = Release;
		};
/* End XCBuildConfiguration section */

/* Begin XCConfigurationList section */
		00E357021AD99517003FC87E /* Build configuration list for PBXNativeTarget "SocialMediaAppTests" */ = {
			isa = XCConfigurationList;
			buildConfigurations = (
				00E356F61AD99517003FC87E /* Debug */,
				00E356F71AD99517003FC87E /* Release */,
			);
			defaultConfigurationIsVisible = 0;
			defaultConfigurationName = Release;
		};
		13B07F931A680F5B00A75B9A /* Build configuration list for PBXNativeTarget "SocialMediaApp" */ = {
			isa = XCConfigurationList;
			buildConfigurations = (
				13B07F941A680F5B00A75B9A /* Debug */,
				13B07F951A680F5B00A75B9A /* Release */,
			);
			defaultConfigurationIsVisible = 0;
			defaultConfigurationName = Release;
		};
		83CBB9FA1A601CBA00E9B192 /* Build configuration list for PBXProject "SocialMediaApp" */ = {
			isa = XCConfigurationList;
			buildConfigurations = (
				83CBBA201A601CBA00E9B192 /* Debug */,
				83CBBA211A601CBA00E9B192 /* Release */,
			);
			defaultConfigurationIsVisible = 0;
			defaultConfigurationName = Release;
		};
/* End XCConfigurationList section */
	};
	rootObject = 83CBB9F71A601CBA00E9B192 /* Project object */;
}
